// !$*UTF8*$!
{
	archiveVersion = 1;
	classes = {
	};
	objectVersion = 50;
	objects = {

/* Begin PBXBuildFile section */
		18174F3D23830B260014B722 /* AppDelegate.swift in Sources */ = {isa = PBXBuildFile; fileRef = 18174F3C23830B260014B722 /* AppDelegate.swift */; };
		18174F3F23830B260014B722 /* SceneDelegate.swift in Sources */ = {isa = PBXBuildFile; fileRef = 18174F3E23830B260014B722 /* SceneDelegate.swift */; };
		18174F4123830B260014B722 /* CitiesViewController.swift in Sources */ = {isa = PBXBuildFile; fileRef = 18174F4023830B260014B722 /* CitiesViewController.swift */; };
		18174F4423830B260014B722 /* Main.storyboard in Resources */ = {isa = PBXBuildFile; fileRef = 18174F4223830B260014B722 /* Main.storyboard */; };
		18174F4623830B280014B722 /* Assets.xcassets in Resources */ = {isa = PBXBuildFile; fileRef = 18174F4523830B280014B722 /* Assets.xcassets */; };
		18174F4923830B280014B722 /* LaunchScreen.storyboard in Resources */ = {isa = PBXBuildFile; fileRef = 18174F4723830B280014B722 /* LaunchScreen.storyboard */; };
		18174F5523830F740014B722 /* City.swift in Sources */ = {isa = PBXBuildFile; fileRef = 18174F5423830F740014B722 /* City.swift */; };
		18174F5723830FD40014B722 /* CitiesDataSource.swift in Sources */ = {isa = PBXBuildFile; fileRef = 18174F5623830FD40014B722 /* CitiesDataSource.swift */; };
		18174F592383116D0014B722 /* Region.swift in Sources */ = {isa = PBXBuildFile; fileRef = 18174F582383116D0014B722 /* Region.swift */; };
		18174F5B23831ED70014B722 /* CityTableViewCell.swift in Sources */ = {isa = PBXBuildFile; fileRef = 18174F5A23831ED70014B722 /* CityTableViewCell.swift */; };
		18174F5E23841BA80014B722 /* RegionsViewController.swift in Sources */ = {isa = PBXBuildFile; fileRef = 18174F5D23841BA80014B722 /* RegionsViewController.swift */; };
		18174F62238421700014B722 /* RegionTableViewCell.swift in Sources */ = {isa = PBXBuildFile; fileRef = 18174F61238421700014B722 /* RegionTableViewCell.swift */; };
		18174F64238431D50014B722 /* Pharmacy.swift in Sources */ = {isa = PBXBuildFile; fileRef = 18174F63238431D50014B722 /* Pharmacy.swift */; };
		18174F66238432660014B722 /* PharmacyTableViewCell.swift in Sources */ = {isa = PBXBuildFile; fileRef = 18174F65238432660014B722 /* PharmacyTableViewCell.swift */; };
		18174F682384328C0014B722 /* PharmaciesViewController.swift in Sources */ = {isa = PBXBuildFile; fileRef = 18174F672384328C0014B722 /* PharmaciesViewController.swift */; };
		18174F6A2384377F0014B722 /* PharmacyDetailViewController.swift in Sources */ = {isa = PBXBuildFile; fileRef = 18174F692384377F0014B722 /* PharmacyDetailViewController.swift */; };
		18174F6C23847F5B0014B722 /* PharmacyDetail.swift in Sources */ = {isa = PBXBuildFile; fileRef = 18174F6B23847F5B0014B722 /* PharmacyDetail.swift */; };
/* End PBXBuildFile section */

/* Begin PBXFileReference section */
		18174F3923830B260014B722 /* Assignment6.app */ = {isa = PBXFileReference; explicitFileType = wrapper.application; includeInIndex = 0; path = Assignment6.app; sourceTree = BUILT_PRODUCTS_DIR; };
		18174F3C23830B260014B722 /* AppDelegate.swift */ = {isa = PBXFileReference; lastKnownFileType = sourcecode.swift; path = AppDelegate.swift; sourceTree = "<group>"; };
		18174F3E23830B260014B722 /* SceneDelegate.swift */ = {isa = PBXFileReference; lastKnownFileType = sourcecode.swift; path = SceneDelegate.swift; sourceTree = "<group>"; };
		18174F4023830B260014B722 /* CitiesViewController.swift */ = {isa = PBXFileReference; lastKnownFileType = sourcecode.swift; path = CitiesViewController.swift; sourceTree = "<group>"; };
		18174F4323830B260014B722 /* Base */ = {isa = PBXFileReference; lastKnownFileType = file.storyboard; name = Base; path = Base.lproj/Main.storyboard; sourceTree = "<group>"; };
		18174F4523830B280014B722 /* Assets.xcassets */ = {isa = PBXFileReference; lastKnownFileType = folder.assetcatalog; path = Assets.xcassets; sourceTree = "<group>"; };
		18174F4823830B280014B722 /* Base */ = {isa = PBXFileReference; lastKnownFileType = file.storyboard; name = Base; path = Base.lproj/LaunchScreen.storyboard; sourceTree = "<group>"; };
		18174F4A23830B280014B722 /* Info.plist */ = {isa = PBXFileReference; lastKnownFileType = text.plist.xml; path = Info.plist; sourceTree = "<group>"; };
		18174F5423830F740014B722 /* City.swift */ = {isa = PBXFileReference; lastKnownFileType = sourcecode.swift; path = City.swift; sourceTree = "<group>"; };
		18174F5623830FD40014B722 /* CitiesDataSource.swift */ = {isa = PBXFileReference; lastKnownFileType = sourcecode.swift; path = CitiesDataSource.swift; sourceTree = "<group>"; };
		18174F582383116D0014B722 /* Region.swift */ = {isa = PBXFileReference; lastKnownFileType = sourcecode.swift; path = Region.swift; sourceTree = "<group>"; };
		18174F5A23831ED70014B722 /* CityTableViewCell.swift */ = {isa = PBXFileReference; fileEncoding = 4; lastKnownFileType = sourcecode.swift; path = CityTableViewCell.swift; sourceTree = "<group>"; };
		18174F5D23841BA80014B722 /* RegionsViewController.swift */ = {isa = PBXFileReference; lastKnownFileType = sourcecode.swift; path = RegionsViewController.swift; sourceTree = "<group>"; };
		18174F61238421700014B722 /* RegionTableViewCell.swift */ = {isa = PBXFileReference; fileEncoding = 4; lastKnownFileType = sourcecode.swift; path = RegionTableViewCell.swift; sourceTree = "<group>"; };
		18174F63238431D50014B722 /* Pharmacy.swift */ = {isa = PBXFileReference; lastKnownFileType = sourcecode.swift; path = Pharmacy.swift; sourceTree = "<group>"; };
		18174F65238432660014B722 /* PharmacyTableViewCell.swift */ = {isa = PBXFileReference; lastKnownFileType = sourcecode.swift; path = PharmacyTableViewCell.swift; sourceTree = "<group>"; };
		18174F672384328C0014B722 /* PharmaciesViewController.swift */ = {isa = PBXFileReference; lastKnownFileType = sourcecode.swift; path = PharmaciesViewController.swift; sourceTree = "<group>"; };
		18174F692384377F0014B722 /* PharmacyDetailViewController.swift */ = {isa = PBXFileReference; lastKnownFileType = sourcecode.swift; path = PharmacyDetailViewController.swift; sourceTree = "<group>"; };
		18174F6B23847F5B0014B722 /* PharmacyDetail.swift */ = {isa = PBXFileReference; lastKnownFileType = sourcecode.swift; path = PharmacyDetail.swift; sourceTree = "<group>"; };
/* End PBXFileReference section */

/* Begin PBXFrameworksBuildPhase section */
		18174F3623830B260014B722 /* Frameworks */ = {
			isa = PBXFrameworksBuildPhase;
			buildActionMask = 2147483647;
			files = (
			);
			runOnlyForDeploymentPostprocessing = 0;
		};
/* End PBXFrameworksBuildPhase section */

/* Begin PBXGroup section */
		18174F3023830B260014B722 = {
			isa = PBXGroup;
			children = (
				18174F3B23830B260014B722 /* Assignment6 */,
				18174F3A23830B260014B722 /* Products */,
			);
			sourceTree = "<group>";
		};
		18174F3A23830B260014B722 /* Products */ = {
			isa = PBXGroup;
			children = (
				18174F3923830B260014B722 /* Assignment6.app */,
			);
			name = Products;
			sourceTree = "<group>";
		};
		18174F3B23830B260014B722 /* Assignment6 */ = {
			isa = PBXGroup;
			children = (
				18174F5C23841B430014B722 /* View Controllers */,
				18174F5323830F630014B722 /* Model */,
				18174F5023830D030014B722 /* Cells */,
				18174F3C23830B260014B722 /* AppDelegate.swift */,
				18174F3E23830B260014B722 /* SceneDelegate.swift */,
				18174F4223830B260014B722 /* Main.storyboard */,
				18174F4523830B280014B722 /* Assets.xcassets */,
				18174F4723830B280014B722 /* LaunchScreen.storyboard */,
				18174F4A23830B280014B722 /* Info.plist */,
			);
			path = Assignment6;
			sourceTree = "<group>";
		};
		18174F5023830D030014B722 /* Cells */ = {
			isa = PBXGroup;
			children = (
				18174F61238421700014B722 /* RegionTableViewCell.swift */,
				18174F5A23831ED70014B722 /* CityTableViewCell.swift */,
				18174F65238432660014B722 /* PharmacyTableViewCell.swift */,
			);
			path = Cells;
			sourceTree = "<group>";
		};
		18174F5323830F630014B722 /* Model */ = {
			isa = PBXGroup;
			children = (
				18174F5423830F740014B722 /* City.swift */,
				18174F5623830FD40014B722 /* CitiesDataSource.swift */,
				18174F582383116D0014B722 /* Region.swift */,
				18174F63238431D50014B722 /* Pharmacy.swift */,
				18174F6B23847F5B0014B722 /* PharmacyDetail.swift */,
			);
			path = Model;
			sourceTree = "<group>";
		};
		18174F5C23841B430014B722 /* View Controllers */ = {
			isa = PBXGroup;
			children = (
				18174F4023830B260014B722 /* CitiesViewController.swift */,
				18174F5D23841BA80014B722 /* RegionsViewController.swift */,
				18174F672384328C0014B722 /* PharmaciesViewController.swift */,
				18174F692384377F0014B722 /* PharmacyDetailViewController.swift */,
			);
			path = "View Controllers";
			sourceTree = "<group>";
		};
/* End PBXGroup section */

/* Begin PBXNativeTarget section */
		18174F3823830B260014B722 /* Assignment6 */ = {
			isa = PBXNativeTarget;
			buildConfigurationList = 18174F4D23830B280014B722 /* Build configuration list for PBXNativeTarget "Assignment6" */;
			buildPhases = (
				18174F3523830B260014B722 /* Sources */,
				18174F3623830B260014B722 /* Frameworks */,
				18174F3723830B260014B722 /* Resources */,
			);
			buildRules = (
			);
			dependencies = (
			);
			name = Assignment6;
			productName = Assignment6;
			productReference = 18174F3923830B260014B722 /* Assignment6.app */;
			productType = "com.apple.product-type.application";
		};
/* End PBXNativeTarget section */

/* Begin PBXProject section */
		18174F3123830B260014B722 /* Project object */ = {
			isa = PBXProject;
			attributes = {
				LastSwiftUpdateCheck = 1110;
				LastUpgradeCheck = 1110;
				ORGANIZATIONNAME = Melike;
				TargetAttributes = {
					18174F3823830B260014B722 = {
						CreatedOnToolsVersion = 11.1;
					};
				};
			};
			buildConfigurationList = 18174F3423830B260014B722 /* Build configuration list for PBXProject "Assignment6" */;
			compatibilityVersion = "Xcode 9.3";
			developmentRegion = en;
			hasScannedForEncodings = 0;
			knownRegions = (
				en,
				Base,
			);
			mainGroup = 18174F3023830B260014B722;
			productRefGroup = 18174F3A23830B260014B722 /* Products */;
			projectDirPath = "";
			projectRoot = "";
			targets = (
				18174F3823830B260014B722 /* Assignment6 */,
			);
		};
/* End PBXProject section */

/* Begin PBXResourcesBuildPhase section */
		18174F3723830B260014B722 /* Resources */ = {
			isa = PBXResourcesBuildPhase;
			buildActionMask = 2147483647;
			files = (
				18174F4923830B280014B722 /* LaunchScreen.storyboard in Resources */,
				18174F4623830B280014B722 /* Assets.xcassets in Resources */,
				18174F4423830B260014B722 /* Main.storyboard in Resources */,
			);
			runOnlyForDeploymentPostprocessing = 0;
		};
/* End PBXResourcesBuildPhase section */

/* Begin PBXSourcesBuildPhase section */
		18174F3523830B260014B722 /* Sources */ = {
			isa = PBXSourcesBuildPhase;
			buildActionMask = 2147483647;
			files = (
				18174F62238421700014B722 /* RegionTableViewCell.swift in Sources */,
				18174F5523830F740014B722 /* City.swift in Sources */,
				18174F5B23831ED70014B722 /* CityTableViewCell.swift in Sources */,
				18174F4123830B260014B722 /* CitiesViewController.swift in Sources */,
				18174F3D23830B260014B722 /* AppDelegate.swift in Sources */,
				18174F682384328C0014B722 /* PharmaciesViewController.swift in Sources */,
				18174F5E23841BA80014B722 /* RegionsViewController.swift in Sources */,
				18174F6C23847F5B0014B722 /* PharmacyDetail.swift in Sources */,
				18174F64238431D50014B722 /* Pharmacy.swift in Sources */,
				18174F592383116D0014B722 /* Region.swift in Sources */,
				18174F3F23830B260014B722 /* SceneDelegate.swift in Sources */,
				18174F6A2384377F0014B722 /* PharmacyDetailViewController.swift in Sources */,
				18174F5723830FD40014B722 /* CitiesDataSource.swift in Sources */,
				18174F66238432660014B722 /* PharmacyTableViewCell.swift in Sources */,
			);
			runOnlyForDeploymentPostprocessing = 0;
		};
/* End PBXSourcesBuildPhase section */

/* Begin PBXVariantGroup section */
		18174F4223830B260014B722 /* Main.storyboard */ = {
			isa = PBXVariantGroup;
			children = (
				18174F4323830B260014B722 /* Base */,
			);
			name = Main.storyboard;
			sourceTree = "<group>";
		};
		18174F4723830B280014B722 /* LaunchScreen.storyboard */ = {
			isa = PBXVariantGroup;
			children = (
				18174F4823830B280014B722 /* Base */,
			);
			name = LaunchScreen.storyboard;
			sourceTree = "<group>";
		};
/* End PBXVariantGroup section */

/* Begin XCBuildConfiguration section */
		18174F4B23830B280014B722 /* Debug */ = {
			isa = XCBuildConfiguration;
			buildSettings = {
				ALWAYS_SEARCH_USER_PATHS = NO;
				CLANG_ANALYZER_NONNULL = YES;
				CLANG_ANALYZER_NUMBER_OBJECT_CONVERSION = YES_AGGRESSIVE;
				CLANG_CXX_LANGUAGE_STANDARD = "gnu++14";
				CLANG_CXX_LIBRARY = "libc++";
				CLANG_ENABLE_MODULES = YES;
				CLANG_ENABLE_OBJC_ARC = YES;
				CLANG_ENABLE_OBJC_WEAK = YES;
				CLANG_WARN_BLOCK_CAPTURE_AUTORELEASING = YES;
				CLANG_WARN_BOOL_CONVERSION = YES;
				CLANG_WARN_COMMA = YES;
				CLANG_WARN_CONSTANT_CONVERSION = YES;
				CLANG_WARN_DEPRECATED_OBJC_IMPLEMENTATIONS = YES;
				CLANG_WARN_DIRECT_OBJC_ISA_USAGE = YES_ERROR;
				CLANG_WARN_DOCUMENTATION_COMMENTS = YES;
				CLANG_WARN_EMPTY_BODY = YES;
				CLANG_WARN_ENUM_CONVERSION = YES;
				CLANG_WARN_INFINITE_RECURSION = YES;
				CLANG_WARN_INT_CONVERSION = YES;
				CLANG_WARN_NON_LITERAL_NULL_CONVERSION = YES;
				CLANG_WARN_OBJC_IMPLICIT_RETAIN_SELF = YES;
				CLANG_WARN_OBJC_LITERAL_CONVERSION = YES;
				CLANG_WARN_OBJC_ROOT_CLASS = YES_ERROR;
				CLANG_WARN_RANGE_LOOP_ANALYSIS = YES;
				CLANG_WARN_STRICT_PROTOTYPES = YES;
				CLANG_WARN_SUSPICIOUS_MOVE = YES;
				CLANG_WARN_UNGUARDED_AVAILABILITY = YES_AGGRESSIVE;
				CLANG_WARN_UNREACHABLE_CODE = YES;
				CLANG_WARN__DUPLICATE_METHOD_MATCH = YES;
				COPY_PHASE_STRIP = NO;
				DEBUG_INFORMATION_FORMAT = dwarf;
				ENABLE_STRICT_OBJC_MSGSEND = YES;
				ENABLE_TESTABILITY = YES;
				GCC_C_LANGUAGE_STANDARD = gnu11;
				GCC_DYNAMIC_NO_PIC = NO;
				GCC_NO_COMMON_BLOCKS = YES;
				GCC_OPTIMIZATION_LEVEL = 0;
				GCC_PREPROCESSOR_DEFINITIONS = (
					"DEBUG=1",
					"$(inherited)",
				);
				GCC_WARN_64_TO_32_BIT_CONVERSION = YES;
				GCC_WARN_ABOUT_RETURN_TYPE = YES_ERROR;
				GCC_WARN_UNDECLARED_SELECTOR = YES;
				GCC_WARN_UNINITIALIZED_AUTOS = YES_AGGRESSIVE;
				GCC_WARN_UNUSED_FUNCTION = YES;
				GCC_WARN_UNUSED_VARIABLE = YES;
				IPHONEOS_DEPLOYMENT_TARGET = 13.1;
				MTL_ENABLE_DEBUG_INFO = INCLUDE_SOURCE;
				MTL_FAST_MATH = YES;
				ONLY_ACTIVE_ARCH = YES;
				SDKROOT = iphoneos;
				SWIFT_ACTIVE_COMPILATION_CONDITIONS = DEBUG;
				SWIFT_OPTIMIZATION_LEVEL = "-Onone";
			};
			name = Debug;
		};
		18174F4C23830B280014B722 /* Release */ = {
			isa = XCBuildConfiguration;
			buildSettings = {
				ALWAYS_SEARCH_USER_PATHS = NO;
				CLANG_ANALYZER_NONNULL = YES;
				CLANG_ANALYZER_NUMBER_OBJECT_CONVERSION = YES_AGGRESSIVE;
				CLANG_CXX_LANGUAGE_STANDARD = "gnu++14";
				CLANG_CXX_LIBRARY = "libc++";
				CLANG_ENABLE_MODULES = YES;
				CLANG_ENABLE_OBJC_ARC = YES;
				CLANG_ENABLE_OBJC_WEAK = YES;
				CLANG_WARN_BLOCK_CAPTURE_AUTORELEASING = YES;
				CLANG_WARN_BOOL_CONVERSION = YES;
				CLANG_WARN_COMMA = YES;
				CLANG_WARN_CONSTANT_CONVERSION = YES;
				CLANG_WARN_DEPRECATED_OBJC_IMPLEMENTATIONS = YES;
				CLANG_WARN_DIRECT_OBJC_ISA_USAGE = YES_ERROR;
				CLANG_WARN_DOCUMENTATION_COMMENTS = YES;
				CLANG_WARN_EMPTY_BODY = YES;
				CLANG_WARN_ENUM_CONVERSION = YES;
				CLANG_WARN_INFINITE_RECURSION = YES;
				CLANG_WARN_INT_CONVERSION = YES;
				CLANG_WARN_NON_LITERAL_NULL_CONVERSION = YES;
				CLANG_WARN_OBJC_IMPLICIT_RETAIN_SELF = YES;
				CLANG_WARN_OBJC_LITERAL_CONVERSION = YES;
				CLANG_WARN_OBJC_ROOT_CLASS = YES_ERROR;
				CLANG_WARN_RANGE_LOOP_ANALYSIS = YES;
				CLANG_WARN_STRICT_PROTOTYPES = YES;
				CLANG_WARN_SUSPICIOUS_MOVE = YES;
				CLANG_WARN_UNGUARDED_AVAILABILITY = YES_AGGRESSIVE;
				CLANG_WARN_UNREACHABLE_CODE = YES;
				CLANG_WARN__DUPLICATE_METHOD_MATCH = YES;
				COPY_PHASE_STRIP = NO;
				DEBUG_INFORMATION_FORMAT = "dwarf-with-dsym";
				ENABLE_NS_ASSERTIONS = NO;
				ENABLE_STRICT_OBJC_MSGSEND = YES;
				GCC_C_LANGUAGE_STANDARD = gnu11;
				GCC_NO_COMMON_BLOCKS = YES;
				GCC_WARN_64_TO_32_BIT_CONVERSION = YES;
				GCC_WARN_ABOUT_RETURN_TYPE = YES_ERROR;
				GCC_WARN_UNDECLARED_SELECTOR = YES;
				GCC_WARN_UNINITIALIZED_AUTOS = YES_AGGRESSIVE;
				GCC_WARN_UNUSED_FUNCTION = YES;
				GCC_WARN_UNUSED_VARIABLE = YES;
				IPHONEOS_DEPLOYMENT_TARGET = 13.1;
				MTL_ENABLE_DEBUG_INFO = NO;
				MTL_FAST_MATH = YES;
				SDKROOT = iphoneos;
				SWIFT_COMPILATION_MODE = wholemodule;
				SWIFT_OPTIMIZATION_LEVEL = "-O";
				VALIDATE_PRODUCT = YES;
			};
			name = Release;
		};
		18174F4E23830B280014B722 /* Debug */ = {
			isa = XCBuildConfiguration;
			buildSettings = {
				ASSETCATALOG_COMPILER_APPICON_NAME = AppIcon;
				CODE_SIGN_STYLE = Automatic;
				INFOPLIST_FILE = Assignment6/Info.plist;
				LD_RUNPATH_SEARCH_PATHS = (
					"$(inherited)",
					"@executable_path/Frameworks",
				);
				PRODUCT_BUNDLE_IDENTIFIER = demirci.melike.Assignment6;
				PRODUCT_NAME = "$(TARGET_NAME)";
				SWIFT_VERSION = 5.0;
				TARGETED_DEVICE_FAMILY = "1,2";
			};
			name = Debug;
		};
		18174F4F23830B280014B722 /* Release */ = {
			isa = XCBuildConfiguration;
			buildSettings = {
				ASSETCATALOG_COMPILER_APPICON_NAME = AppIcon;
				CODE_SIGN_STYLE = Automatic;
				INFOPLIST_FILE = Assignment6/Info.plist;
				LD_RUNPATH_SEARCH_PATHS = (
					"$(inherited)",
					"@executable_path/Frameworks",
				);
				PRODUCT_BUNDLE_IDENTIFIER = demirci.melike.Assignment6;
				PRODUCT_NAME = "$(TARGET_NAME)";
				SWIFT_VERSION = 5.0;
				TARGETED_DEVICE_FAMILY = "1,2";
			};
			name = Release;
		};
/* End XCBuildConfiguration section */

/* Begin XCConfigurationList section */
		18174F3423830B260014B722 /* Build configuration list for PBXProject "Assignment6" */ = {
			isa = XCConfigurationList;
			buildConfigurations = (
				18174F4B23830B280014B722 /* Debug */,
				18174F4C23830B280014B722 /* Release */,
			);
			defaultConfigurationIsVisible = 0;
			defaultConfigurationName = Release;
		};
		18174F4D23830B280014B722 /* Build configuration list for PBXNativeTarget "Assignment6" */ = {
			isa = XCConfigurationList;
			buildConfigurations = (
				18174F4E23830B280014B722 /* Debug */,
				18174F4F23830B280014B722 /* Release */,
			);
			defaultConfigurationIsVisible = 0;
			defaultConfigurationName = Release;
		};
/* End XCConfigurationList section */
	};
	rootObject = 18174F3123830B260014B722 /* Project object */;
}
